
Microsoft Visual Studio Solution File, Format Version 12.00
# Visual Studio Version 17
VisualStudioVersion = 17.2.32630.192
MinimumVisualStudioVersion = 10.0.40219.1
Project("{9A19103F-16F7-4668-BE54-9A1E7A4F7556}") = "SuggestionAppUI", "SuggestionAppUI\SuggestionAppUI.csproj", "{6523DC91-726B-4EBD-925E-21EA76676AAF}"
EndProject
Project("{9A19103F-16F7-4668-BE54-9A1E7A4F7556}") = "SuggestionAppLibrary", "SuggestionAppLibrary\SuggestionAppLibrary.csproj", "{3F67795A-2E1C-45FC-B39C-7DFB2F9B74ED}"
EndProject
Project("{2150E333-8FDC-42A3-9474-1A3956D46DE8}") = "Solution Items", "Solution Items", "{E21543EE-86BD-44EE-AB04-E57CC3451E70}"
	ProjectSection(SolutionItems) = preProject
		.editorconfig = .editorconfig
	EndProjectSection
EndProject
Global
	GlobalSection(SolutionConfigurationPlatforms) = preSolution
		Debug|Any CPU = Debug|Any CPU
		Release|Any CPU = Release|Any CPU
	EndGlobalSection
	GlobalSection(ProjectConfigurationPlatforms) = postSolution
		{6523DC91-726B-4EBD-925E-21EA76676AAF}.Debug|Any CPU.ActiveCfg = Debug|Any CPU
		{6523DC91-726B-4EBD-925E-21EA76676AAF}.Debug|Any CPU.Build.0 = Debug|Any CPU
		{6523DC91-726B-4EBD-925E-21EA76676AAF}.Release|Any CPU.ActiveCfg = Release|Any CPU
		{6523DC91-726B-4EBD-925E-21EA76676AAF}.Release|Any CPU.Build.0 = Release|Any CPU
		{3F67795A-2E1C-45FC-B39C-7DFB2F9B74ED}.Debug|Any CPU.ActiveCfg = Debug|Any CPU
		{3F67795A-2E1C-45FC-B39C-7DFB2F9B74ED}.Debug|Any CPU.Build.0 = Debug|Any CPU
		{3F67795A-2E1C-45FC-B39C-7DFB2F9B74ED}.Release|Any CPU.ActiveCfg = Release|Any CPU
		{3F67795A-2E1C-45FC-B39C-7DFB2F9B74ED}.Release|Any CPU.Build.0 = Release|Any CPU
	EndGlobalSection
	GlobalSection(SolutionProperties) = preSolution
		HideSolutionNode = FALSE
	EndGlobalSection
	GlobalSection(ExtensibilityGlobals) = postSolution
		SolutionGuid = {F0C66FF0-1287-46C9-8F20-9D2F8B5174E2}
	EndGlobalSection
EndGlobal
